
Microsoft Visual Studio Solution File, Format Version 12.00
# Visual Studio Version 17
VisualStudioVersion = 17.4.33122.133
MinimumVisualStudioVersion = 10.0.40219.1
Project("{FAE04EC0-301F-11D3-BF4B-00C04F79EFBC}") = "LCC_ENROLLMENT_SYSTEM", "LCC_ENROLLMENT_SYSTEM\LCC_ENROLLMENT_SYSTEM.csproj", "{FDAE12D0-C306-4BEC-AB7B-8089FEF9DA51}"
EndProject
Global
	GlobalSection(SolutionConfigurationPlatforms) = preSolution
		Debug|Any CPU = Debug|Any CPU
		Release|Any CPU = Release|Any CPU
	EndGlobalSection
	GlobalSection(ProjectConfigurationPlatforms) = postSolution
		{FDAE12D0-C306-4BEC-AB7B-8089FEF9DA51}.Debug|Any CPU.ActiveCfg = Debug|Any CPU
		{FDAE12D0-C306-4BEC-AB7B-8089FEF9DA51}.Debug|Any CPU.Build.0 = Debug|Any CPU
		{FDAE12D0-C306-4BEC-AB7B-8089FEF9DA51}.Release|Any CPU.ActiveCfg = Release|Any CPU
		{FDAE12D0-C306-4BEC-AB7B-8089FEF9DA51}.Release|Any CPU.Build.0 = Release|Any CPU
	EndGlobalSection
	GlobalSection(SolutionProperties) = preSolution
		HideSolutionNode = FALSE
	EndGlobalSection
	GlobalSection(ExtensibilityGlobals) = postSolution
		SolutionGuid = {0DAED816-47F1-41C1-82AD-2596EC69D269}
	EndGlobalSection
EndGlobal
